# THIS IS AN AUTOGENERATED FILE. DO NOT EDIT THIS FILE DIRECTLY.
# yarn lockfile v1


"@rollup/plugin-typescript@^8.3.0":
  version "8.3.0"
  resolved "https://registry.yarnpkg.com/@rollup/plugin-typescript/-/plugin-typescript-8.3.0.tgz#bc1077fa5897b980fc27e376c4e377882c63e68b"
  integrity sha512-I5FpSvLbtAdwJ+naznv+B4sjXZUcIvLLceYpITAn7wAP8W0wqc5noLdGIp9HGVntNhRWXctwPYrSSFQxtl0FPA==
  dependencies:
    "@rollup/pluginutils" "^3.1.0"
    resolve "^1.17.0"

"@rollup/pluginutils@^3.1.0":
  version "3.1.0"
  resolved "https://registry.yarnpkg.com/@rollup/pluginutils/-/pluginutils-3.1.0.tgz#706b4524ee6dc8b103b3c995533e5ad680c02b9b"
  integrity sha512-GksZ6pr6TpIjHm8h9lSQ8pi8BE9VeubNT0OMJ3B5uZJ8pz73NPiqOtCog/x2/QzM1ENChPKxMDhiQuRHsqc+lg==
  dependencies:
    "@types/estree" "0.0.39"
    estree-walker "^1.0.1"
    picomatch "^2.2.2"

"@types/estree@0.0.39":
  version "0.0.39"
  resolved "https://registry.yarnpkg.com/@types/estree/-/estree-0.0.39.tgz#e177e699ee1b8c22d23174caaa7422644389509f"
  integrity sha512-EYNwp3bU+98cpU4lAWYYL7Zz+2gryWH1qbdDTidVd6hkiR6weksdbMadyXKXNPEkQFhXM+hVO9ZygomHXp+AIw==

axios@^0.21.1:
  version "0.21.4"
  resolved "https://registry.npmjs.org/axios/-/axios-0.21.4.tgz"
  integrity sha512-ut5vewkiu8jjGBdqpM44XxjuCjq9LAKeHVmoVfHVzy8eHgxxq8SbAVQNovDA8mVi05kP0Ea/n/UzcSHcTJQfNg==
  dependencies:
    follow-redirects "^1.14.0"

balanced-match@^1.0.0:
  version "1.0.2"
  resolved "https://registry.npmjs.org/balanced-match/-/balanced-match-1.0.2.tgz"
  integrity sha512-3oSeUO0TMV67hN1AmbXsK4yaqU7tjiHlbxRDZOpH0KW9+CeX4bRAaX0Anxt0tx2MrpRpWwQaPwIlISEJhYU5Pw==

binary-install@^0.1.0:
  version "0.1.1"
  resolved "https://registry.npmjs.org/binary-install/-/binary-install-0.1.1.tgz"
  integrity sha512-DqED0D/6LrS+BHDkKn34vhRqOGjy5gTMgvYZsGK2TpNbdPuz4h+MRlNgGv5QBRd7pWq/jylM4eKNCizgAq3kNQ==
  dependencies:
    axios "^0.21.1"
    rimraf "^3.0.2"
    tar "^6.1.0"

brace-expansion@^1.1.7:
  version "1.1.11"
  resolved "https://registry.npmjs.org/brace-expansion/-/brace-expansion-1.1.11.tgz"
  integrity sha512-iCuPHDFgrHX7H2vEI/5xpz07zSHB00TpugqhmYtVmMO6518mCuRMoOYFldEBl0g187ufozdaHgWKcYFb61qGiA==
  dependencies:
    balanced-match "^1.0.0"
    concat-map "0.0.1"

chownr@^2.0.0:
  version "2.0.0"
  resolved "https://registry.npmjs.org/chownr/-/chownr-2.0.0.tgz"
  integrity sha512-bIomtDF5KGpdogkLd9VspvFzk9KfpyyGlS8YFVZl7TGPBHL5snIOnxeshwVgPteQ9b4Eydl+pVbIyE1DcvCWgQ==

concat-map@0.0.1:
  version "0.0.1"
  resolved "https://registry.npmjs.org/concat-map/-/concat-map-0.0.1.tgz"
  integrity sha1-2Klr13/Wjfd5OnMDajug1UBdR3s=

estree-walker@^0.6.1:
  version "0.6.1"
  resolved "https://registry.npmjs.org/estree-walker/-/estree-walker-0.6.1.tgz"
  integrity sha512-SqmZANLWS0mnatqbSfRP5g8OXZC12Fgg1IwNtLsyHDzJizORW4khDfjPqJZsemPWBB2uqykUah5YpQ6epsqC/w==

estree-walker@^1.0.1:
  version "1.0.1"
  resolved "https://registry.yarnpkg.com/estree-walker/-/estree-walker-1.0.1.tgz#31bc5d612c96b704106b477e6dd5d8aa138cb700"
  integrity sha512-1fMXF3YP4pZZVozF8j/ZLfvnR8NSIljt56UhbZ5PeeDmmGHpgpdwQt7ITlGvYaQukCvuBRMLEiKiYC+oeIg4cg==

follow-redirects@^1.14.0:
  version "1.14.7"
  resolved "https://registry.yarnpkg.com/follow-redirects/-/follow-redirects-1.14.7.tgz#2004c02eb9436eee9a21446a6477debf17e81685"
  integrity sha512-+hbxoLbFMbRKDwohX8GkTataGqO6Jb7jGwpAlwgy2bIz25XtRm7KEzJM76R1WiNT5SwZkX4Y75SwBolkpmE7iQ==

fs-minipass@^2.0.0:
  version "2.1.0"
  resolved "https://registry.npmjs.org/fs-minipass/-/fs-minipass-2.1.0.tgz"
  integrity sha512-V/JgOLFCS+R6Vcq0slCuaeWEdNC3ouDlJMNIsacH2VtALiu9mV4LPrHc5cDl8k5aw6J8jwgWWpiTo5RYhmIzvg==
  dependencies:
    minipass "^3.0.0"

fs.realpath@^1.0.0:
  version "1.0.0"
  resolved "https://registry.npmjs.org/fs.realpath/-/fs.realpath-1.0.0.tgz"
  integrity sha1-FQStJSMVjKpA20onh8sBQRmU6k8=

function-bind@^1.1.1:
  version "1.1.1"
  resolved "https://registry.yarnpkg.com/function-bind/-/function-bind-1.1.1.tgz#a56899d3ea3c9bab874bb9773b7c5ede92f4895d"
  integrity sha512-yIovAzMX49sF8Yl58fSCWJ5svSLuaibPxXQJFLmBObTuCr0Mf1KiPopGM9NiFjiYBCbfaa2Fh6breQ6ANVTI0A==

glob@^7.1.3, glob@^7.1.6:
  version "7.2.0"
  resolved "https://registry.npmjs.org/glob/-/glob-7.2.0.tgz"
  integrity sha512-lmLf6gtyrPq8tTjSmrO94wBeQbFR3HbLHbuyD69wuyQkImp2hWqMGB47OX65FBkPffO641IP9jWa1z4ivqG26Q==
  dependencies:
    fs.realpath "^1.0.0"
    inflight "^1.0.4"
    inherits "2"
    minimatch "^3.0.4"
    once "^1.3.0"
    path-is-absolute "^1.0.0"

has@^1.0.3:
  version "1.0.3"
  resolved "https://registry.yarnpkg.com/has/-/has-1.0.3.tgz#722d7cbfc1f6aa8241f16dd814e011e1f41e8796"
  integrity sha512-f2dvO0VU6Oej7RkWJGrehjbzMAjFp5/VKPp5tTpWIV4JHHZK1/BxbFRtf/siA2SWTe09caDmVtYYzWEIbBS4zw==
  dependencies:
    function-bind "^1.1.1"

inflight@^1.0.4:
  version "1.0.6"
  resolved "https://registry.npmjs.org/inflight/-/inflight-1.0.6.tgz"
  integrity sha1-Sb1jMdfQLQwJvJEKEHW6gWW1bfk=
  dependencies:
    once "^1.3.0"
    wrappy "1"

inherits@2:
  version "2.0.4"
  resolved "https://registry.npmjs.org/inherits/-/inherits-2.0.4.tgz"
  integrity sha512-k/vGaX4/Yla3WzyMCvTQOXYeIHvqOKtnqBduzTHpzpQZzAskKMhZ2K+EnBiSM9zGSoIFeMpXKxa4dYeZIQqewQ==

is-core-module@^2.8.1:
  version "2.8.1"
  resolved "https://registry.yarnpkg.com/is-core-module/-/is-core-module-2.8.1.tgz#f59fdfca701d5879d0a6b100a40aa1560ce27211"
  integrity sha512-SdNCUs284hr40hFTFP6l0IfZ/RSrMXF3qgoRHd3/79unUTvrFO/JoXwkGm+5J/Oe3E/b5GsnG330uUNgRpu1PA==
  dependencies:
    has "^1.0.3"

js-cleanup@^1.2.0:
  version "1.2.0"
  resolved "https://registry.yarnpkg.com/js-cleanup/-/js-cleanup-1.2.0.tgz#8dbc65954b1d38b255f1e8cf02cd17b3f7a053f9"
  integrity sha512-JeDD0yiiSt80fXzAVa/crrS0JDPQljyBG/RpOtaSbyDq03VHa9szJWMaWOYU/bcTn412uMN2MxApXq8v79cUiQ==
  dependencies:
    magic-string "^0.25.7"
    perf-regexes "^1.0.1"
    skip-regex "^1.0.2"

magic-string@^0.25.7:
  version "0.25.7"
  resolved "https://registry.yarnpkg.com/magic-string/-/magic-string-0.25.7.tgz#3f497d6fd34c669c6798dcb821f2ef31f5445051"
  integrity sha512-4CrMT5DOHTDk4HYDlzmwu4FVCcIYI8gauveasrdCu2IKIFOJ3f0v/8MDGJCDL9oD2ppz/Av1b0Nj345H9M+XIA==
  dependencies:
    sourcemap-codec "^1.4.4"

minimatch@^3.0.4:
  version "3.0.4"
  resolved "https://registry.npmjs.org/minimatch/-/minimatch-3.0.4.tgz"
  integrity sha512-yJHVQEhyqPLUTgt9B83PXu6W3rx4MvvHvSUvToogpwoGDOUQ+yDrR0HRot+yOCdCO7u4hX3pWft6kWBBcqh0UA==
  dependencies:
    brace-expansion "^1.1.7"

minipass@^3.0.0:
  version "3.1.6"
  resolved "https://registry.npmjs.org/minipass/-/minipass-3.1.6.tgz"
  integrity sha512-rty5kpw9/z8SX9dmxblFA6edItUmwJgMeYDZRrwlIVN27i8gysGbznJwUggw2V/FVqFSDdWy040ZPS811DYAqQ==
  dependencies:
    yallist "^4.0.0"

minizlib@^2.1.1:
  version "2.1.2"
  resolved "https://registry.npmjs.org/minizlib/-/minizlib-2.1.2.tgz"
  integrity sha512-bAxsR8BVfj60DWXHE3u30oHzfl4G7khkSuPW+qvpd7jFRHm7dLxOjUk1EHACJ/hxLY8phGJ0YhYHZo7jil7Qdg==
  dependencies:
    minipass "^3.0.0"
    yallist "^4.0.0"

mkdirp@^1.0.3:
  version "1.0.4"
  resolved "https://registry.npmjs.org/mkdirp/-/mkdirp-1.0.4.tgz"
  integrity sha512-vVqVZQyf3WLx2Shd0qJ9xuvqgAyKPLAiqITEtqW0oIUjzo3PePDd6fW9iFz30ef7Ysp/oiWqbhszeGWW2T6Gzw==

once@^1.3.0:
  version "1.4.0"
  resolved "https://registry.npmjs.org/once/-/once-1.4.0.tgz"
  integrity sha1-WDsap3WWHUsROsF9nFC6753Xa9E=
  dependencies:
    wrappy "1"

path-is-absolute@^1.0.0:
  version "1.0.1"
  resolved "https://registry.npmjs.org/path-is-absolute/-/path-is-absolute-1.0.1.tgz"
  integrity sha1-F0uSaHNVNP+8es5r9TpanhtcX18=

path-parse@^1.0.7:
  version "1.0.7"
  resolved "https://registry.yarnpkg.com/path-parse/-/path-parse-1.0.7.tgz#fbc114b60ca42b30d9daf5858e4bd68bbedb6735"
  integrity sha512-LDJzPVEEEPR+y48z93A0Ed0yXb8pAByGWo/k5YYdYgpY2/2EsOsksJrq7lOHxryrVOn1ejG6oAp8ahvOIQD8sw==

perf-regexes@^1.0.1:
  version "1.0.1"
  resolved "https://registry.yarnpkg.com/perf-regexes/-/perf-regexes-1.0.1.tgz#6da1d62f5a94bf9353a0451bccacf69068b75d0b"
  integrity sha512-L7MXxUDtqr4PUaLFCDCXBfGV/6KLIuSEccizDI7JxT+c9x1G1v04BQ4+4oag84SHaCdrBgQAIs/Cqn+flwFPng==

picomatch@^2.2.2:
  version "2.3.1"
  resolved "https://registry.yarnpkg.com/picomatch/-/picomatch-2.3.1.tgz#3ba3833733646d9d3e4995946c1365a67fb07a42"
  integrity sha512-JU3teHTNjmE2VCGFzuY8EXzCDVwEqB2a8fsIvwaStHhAWJEeVd1o1QD80CU6+ZdEXXSLbSsuLwJjkCBWqRQUVA==

resolve@^1.17.0:
  version "1.22.0"
  resolved "https://registry.yarnpkg.com/resolve/-/resolve-1.22.0.tgz#5e0b8c67c15df57a89bdbabe603a002f21731198"
  integrity sha512-Hhtrw0nLeSrFQ7phPp4OOcVjLPIeMnRlr5mcnVuMe7M/7eBn98A3hmFRLoFo3DLZkivSYwhRUJTyPyWAk56WLw==
  dependencies:
    is-core-module "^2.8.1"
    path-parse "^1.0.7"
    supports-preserve-symlinks-flag "^1.0.0"

rimraf@^3.0.0, rimraf@^3.0.2:
  version "3.0.2"
  resolved "https://registry.npmjs.org/rimraf/-/rimraf-3.0.2.tgz"
  integrity sha512-JZkJMZkAGFFPP2YqXZXPbMlMBgsxzE8ILs4lMIX/2o0L9UBw9O/Y3o6wFw/i9YLapcUJWwqbi3kdxIPdC62TIA==
  dependencies:
    glob "^7.1.3"

rollup-plugin-cleanup@^3.2.1:
  version "3.2.1"
  resolved "https://registry.yarnpkg.com/rollup-plugin-cleanup/-/rollup-plugin-cleanup-3.2.1.tgz#8cbc92ecf58babd7c210051929797f137bbf777c"
  integrity sha512-zuv8EhoO3TpnrU8MX8W7YxSbO4gmOR0ny06Lm3nkFfq0IVKdBUtHwhVzY1OAJyNCIAdLiyPnOrU0KnO0Fri1GQ==
  dependencies:
    js-cleanup "^1.2.0"
    rollup-pluginutils "^2.8.2"

rollup-pluginutils@^2.8.2:
  version "2.8.2"
  resolved "https://registry.npmjs.org/rollup-pluginutils/-/rollup-pluginutils-2.8.2.tgz"
  integrity sha512-EEp9NhnUkwY8aif6bxgovPHMoMoNr2FulJziTndpt5H9RdwC47GSGuII9XxpSdzVGM0GWrNPHV6ie1LTNJPaLQ==
  dependencies:
    estree-walker "^0.6.1"

skip-regex@^1.0.2:
  version "1.0.2"
  resolved "https://registry.yarnpkg.com/skip-regex/-/skip-regex-1.0.2.tgz#ac655d77e7c771ac2b9f37585fea37bff56ad65b"
  integrity sha512-pEjMUbwJ5Pl/6Vn6FsamXHXItJXSRftcibixDmNCWbWhic0hzHrwkMZo0IZ7fMRH9KxcWDFSkzhccB4285PutA==

sourcemap-codec@^1.4.4:
  version "1.4.8"
  resolved "https://registry.yarnpkg.com/sourcemap-codec/-/sourcemap-codec-1.4.8.tgz#ea804bd94857402e6992d05a38ef1ae35a9ab4c4"
  integrity sha512-9NykojV5Uih4lgo5So5dtw+f0JgJX30KCNI8gwhz2J9A15wD0Ml6tjHKwf6fTSa6fAdVBdZeNOs9eJ71qCk8vA==

supports-preserve-symlinks-flag@^1.0.0:
  version "1.0.0"
  resolved "https://registry.yarnpkg.com/supports-preserve-symlinks-flag/-/supports-preserve-symlinks-flag-1.0.0.tgz#6eda4bd344a3c94aea376d4cc31bc77311039e09"
  integrity sha512-ot0WnXS9fgdkgIcePe6RHNk1WA8+muPa6cSjeR3V8K27q9BB1rTE3R1p7Hv0z1ZyAc8s6Vvv8DIyWf681MAt0w==

tar@^6.1.0:
  version "6.1.11"
  resolved "https://registry.npmjs.org/tar/-/tar-6.1.11.tgz"
  integrity sha512-an/KZQzQUkZCkuoAA64hM92X0Urb6VpRhAFllDzz44U2mcD5scmT3zBc4VgVpkugF580+DQn8eAFSyoQt0tznA==
  dependencies:
    chownr "^2.0.0"
    fs-minipass "^2.0.0"
    minipass "^3.0.0"
    minizlib "^2.1.1"
    mkdirp "^1.0.3"
    yallist "^4.0.0"

wasm-pack@^0.10.2:
  version "0.10.2"
  resolved "https://registry.npmjs.org/wasm-pack/-/wasm-pack-0.10.2.tgz"
  integrity sha512-Kuh8XAArQNVoikMUenjDs4+g6LpktgfXgqlp03G2dJKDBokA7Y8Cx6MDCnvREzNnmprk9IohHytwycVSemwe/w==
  dependencies:
    binary-install "^0.1.0"

wrappy@1:
  version "1.0.2"
  resolved "https://registry.npmjs.org/wrappy/-/wrappy-1.0.2.tgz"
  integrity sha1-tSQ9jz7BqjXxNkYFvA0QNuMKtp8=

yallist@^4.0.0:
  version "4.0.0"
  resolved "https://registry.npmjs.org/yallist/-/yallist-4.0.0.tgz"
  integrity sha512-3wdGidZyq5PB084XLES5TpOSRA3wjXAlIWMhum2kRcv/41Sn2emQ0dycQW4uZXLejwKvg6EsvbdlVL+FYEct7A==
